
Microsoft Visual Studio Solution File, Format Version 12.00
# Visual Studio Version 16
VisualStudioVersion = 16.0.31321.278
MinimumVisualStudioVersion = 10.0.40219.1
Project("{9A19103F-16F7-4668-BE54-9A1E7A4F7556}") = "Covid-App 2.0", "Covid-App 2.0.csproj", "{58414CF5-39DF-45CD-9AE4-F99ABBF5E385}"
EndProject
Global
	GlobalSection(SolutionConfigurationPlatforms) = preSolution
		Debug|Any CPU = Debug|Any CPU
		Release|Any CPU = Release|Any CPU
	EndGlobalSection
	GlobalSection(ProjectConfigurationPlatforms) = postSolution
		{58414CF5-39DF-45CD-9AE4-F99ABBF5E385}.Debug|Any CPU.ActiveCfg = Debug|Any CPU
		{58414CF5-39DF-45CD-9AE4-F99ABBF5E385}.Debug|Any CPU.Build.0 = Debug|Any CPU
		{58414CF5-39DF-45CD-9AE4-F99ABBF5E385}.Release|Any CPU.ActiveCfg = Release|Any CPU
		{58414CF5-39DF-45CD-9AE4-F99ABBF5E385}.Release|Any CPU.Build.0 = Release|Any CPU
	EndGlobalSection
	GlobalSection(SolutionProperties) = preSolution
		HideSolutionNode = FALSE
	EndGlobalSection
	GlobalSection(ExtensibilityGlobals) = postSolution
		SolutionGuid = {AF9EC831-18A8-4347-BBAD-20DEB25D910C}
	EndGlobalSection
EndGlobal
